
Microsoft Visual Studio Solution File, Format Version 12.00
# Visual Studio Version 17
VisualStudioVersion = 17.14.36310.24
MinimumVisualStudioVersion = 10.0.40219.1
Project("{FAE04EC0-301F-11D3-BF4B-00C04F79EFBC}") = "GymMangement.PL", "GymMangement.PL.csproj", "{A8CF1E5A-D320-4C99-A88E-93C06DC599E6}"
EndProject
Project("{FAE04EC0-301F-11D3-BF4B-00C04F79EFBC}") = "GymMangement.DAL", "..\GymMangement.DAL\GymMangement.DAL.csproj", "{2D477FE9-3796-49D0-8A1C-4A9923A4F639}"
EndProject
Project("{FAE04EC0-301F-11D3-BF4B-00C04F79EFBC}") = "GymMangement.BLL", "..\GemMangement.BLL\GymMangement.BLL.csproj", "{8540743F-227C-40A8-A407-0927CB101C3F}"
EndProject
Global
	GlobalSection(SolutionConfigurationPlatforms) = preSolution
		Debug|Any CPU = Debug|Any CPU
		Release|Any CPU = Release|Any CPU
	EndGlobalSection
	GlobalSection(ProjectConfigurationPlatforms) = postSolution
		{A8CF1E5A-D320-4C99-A88E-93C06DC599E6}.Debug|Any CPU.ActiveCfg = Debug|Any CPU
		{A8CF1E5A-D320-4C99-A88E-93C06DC599E6}.Debug|Any CPU.Build.0 = Debug|Any CPU
		{A8CF1E5A-D320-4C99-A88E-93C06DC599E6}.Release|Any CPU.ActiveCfg = Release|Any CPU
		{A8CF1E5A-D320-4C99-A88E-93C06DC599E6}.Release|Any CPU.Build.0 = Release|Any CPU
		{2D477FE9-3796-49D0-8A1C-4A9923A4F639}.Debug|Any CPU.ActiveCfg = Debug|Any CPU
		{2D477FE9-3796-49D0-8A1C-4A9923A4F639}.Debug|Any CPU.Build.0 = Debug|Any CPU
		{2D477FE9-3796-49D0-8A1C-4A9923A4F639}.Release|Any CPU.ActiveCfg = Release|Any CPU
		{2D477FE9-3796-49D0-8A1C-4A9923A4F639}.Release|Any CPU.Build.0 = Release|Any CPU
		{8540743F-227C-40A8-A407-0927CB101C3F}.Debug|Any CPU.ActiveCfg = Debug|Any CPU
		{8540743F-227C-40A8-A407-0927CB101C3F}.Debug|Any CPU.Build.0 = Debug|Any CPU
		{8540743F-227C-40A8-A407-0927CB101C3F}.Release|Any CPU.ActiveCfg = Release|Any CPU
		{8540743F-227C-40A8-A407-0927CB101C3F}.Release|Any CPU.Build.0 = Release|Any CPU
	EndGlobalSection
	GlobalSection(SolutionProperties) = preSolution
		HideSolutionNode = FALSE
	EndGlobalSection
	GlobalSection(ExtensibilityGlobals) = postSolution
		SolutionGuid = {01700325-C28B-44C3-9680-4672BEB612A9}
	EndGlobalSection
EndGlobal
